
Microsoft Visual Studio Solution File, Format Version 12.00
# Visual Studio 2012
Project("{FAE04EC0-301F-11D3-BF4B-00C04F79EFBC}") = "DateTracker", "DateTracker\DateTracker.csproj", "{B54D4B84-1FEB-40DC-B181-6849D70D3066}"
EndProject
Project("{FAE04EC0-301F-11D3-BF4B-00C04F79EFBC}") = "DateTracker.Droid", "Droid\DateTracker.Droid.csproj", "{901FD0CE-604B-495A-8B46-EABCE796B123}"
EndProject
Global
	GlobalSection(SolutionConfigurationPlatforms) = preSolution
		Debug|Any CPU = Debug|Any CPU
		Release|Any CPU = Release|Any CPU
	EndGlobalSection
	GlobalSection(ProjectConfigurationPlatforms) = postSolution
		{901FD0CE-604B-495A-8B46-EABCE796B123}.Debug|Any CPU.ActiveCfg = Debug|Any CPU
		{901FD0CE-604B-495A-8B46-EABCE796B123}.Debug|Any CPU.Build.0 = Debug|Any CPU
		{901FD0CE-604B-495A-8B46-EABCE796B123}.Release|Any CPU.ActiveCfg = Release|Any CPU
		{901FD0CE-604B-495A-8B46-EABCE796B123}.Release|Any CPU.Build.0 = Release|Any CPU
		{B54D4B84-1FEB-40DC-B181-6849D70D3066}.Debug|Any CPU.ActiveCfg = Debug|Any CPU
		{B54D4B84-1FEB-40DC-B181-6849D70D3066}.Debug|Any CPU.Build.0 = Debug|Any CPU
		{B54D4B84-1FEB-40DC-B181-6849D70D3066}.Release|Any CPU.ActiveCfg = Release|Any CPU
		{B54D4B84-1FEB-40DC-B181-6849D70D3066}.Release|Any CPU.Build.0 = Release|Any CPU
	EndGlobalSection
EndGlobal
